// !$*UTF8*$!
{
	archiveVersion = 1;
	classes = {
	};
	objectVersion = 46;
	objects = {

/* Begin PBXBuildFile section */
		CE29D65C1F1FC9DE00F0E288 /* DetailsViewController.swift in Sources */ = {isa = PBXBuildFile; fileRef = CE29D65B1F1FC9DE00F0E288 /* DetailsViewController.swift */; };
		CE9447A21F276816000C4200 /* PeerssViewController.swift in Sources */ = {isa = PBXBuildFile; fileRef = CE9447A11F276816000C4200 /* PeerssViewController.swift */; };
		CEB51DC91F1E031E003D757D /* AppDelegate.swift in Sources */ = {isa = PBXBuildFile; fileRef = CEB51DC81F1E031E003D757D /* AppDelegate.swift */; };
		CEB51DCB1F1E031E003D757D /* ViewController.swift in Sources */ = {isa = PBXBuildFile; fileRef = CEB51DCA1F1E031E003D757D /* ViewController.swift */; };
		CEB51DCE1F1E031E003D757D /* Main.storyboard in Resources */ = {isa = PBXBuildFile; fileRef = CEB51DCC1F1E031E003D757D /* Main.storyboard */; };
		CEB51DD01F1E031E003D757D /* Assets.xcassets in Resources */ = {isa = PBXBuildFile; fileRef = CEB51DCF1F1E031E003D757D /* Assets.xcassets */; };
		CEB51DD31F1E031E003D757D /* LaunchScreen.storyboard in Resources */ = {isa = PBXBuildFile; fileRef = CEB51DD11F1E031E003D757D /* LaunchScreen.storyboard */; };
		CEB51DDE1F1E031E003D757D /* webviewAuthTests.swift in Sources */ = {isa = PBXBuildFile; fileRef = CEB51DDD1F1E031E003D757D /* webviewAuthTests.swift */; };
		CEB51DE91F1E031E003D757D /* webviewAuthUITests.swift in Sources */ = {isa = PBXBuildFile; fileRef = CEB51DE81F1E031E003D757D /* webviewAuthUITests.swift */; };
		CEBA2B431F21D4C50012B3E9 /* LogOutViewController.swift in Sources */ = {isa = PBXBuildFile; fileRef = CEBA2B421F21D4C50012B3E9 /* LogOutViewController.swift */; };
		CEBA2B451F21E1400012B3E9 /* DecisionViewController.swift in Sources */ = {isa = PBXBuildFile; fileRef = CEBA2B441F21E13F0012B3E9 /* DecisionViewController.swift */; };
		CED583771F28BA140040D724 /* TableViewCell.swift in Sources */ = {isa = PBXBuildFile; fileRef = CED583761F28BA140040D724 /* TableViewCell.swift */; };
/* End PBXBuildFile section */

/* Begin PBXContainerItemProxy section */
		CEB51DDA1F1E031E003D757D /* PBXContainerItemProxy */ = {
			isa = PBXContainerItemProxy;
			containerPortal = CEB51DBD1F1E031E003D757D /* Project object */;
			proxyType = 1;
			remoteGlobalIDString = CEB51DC41F1E031E003D757D;
			remoteInfo = webviewAuth;
		};
		CEB51DE51F1E031E003D757D /* PBXContainerItemProxy */ = {
			isa = PBXContainerItemProxy;
			containerPortal = CEB51DBD1F1E031E003D757D /* Project object */;
			proxyType = 1;
			remoteGlobalIDString = CEB51DC41F1E031E003D757D;
			remoteInfo = webviewAuth;
		};
/* End PBXContainerItemProxy section */

/* Begin PBXFileReference section */
		CE29D65B1F1FC9DE00F0E288 /* DetailsViewController.swift */ = {isa = PBXFileReference; fileEncoding = 4; lastKnownFileType = sourcecode.swift; path = DetailsViewController.swift; sourceTree = "<group>"; };
		CE9447A11F276816000C4200 /* PeerssViewController.swift */ = {isa = PBXFileReference; fileEncoding = 4; lastKnownFileType = sourcecode.swift; path = PeerssViewController.swift; sourceTree = "<group>"; };
		CEB51DC51F1E031E003D757D /* webviewAuth.app */ = {isa = PBXFileReference; explicitFileType = wrapper.application; includeInIndex = 0; path = webviewAuth.app; sourceTree = BUILT_PRODUCTS_DIR; };
		CEB51DC81F1E031E003D757D /* AppDelegate.swift */ = {isa = PBXFileReference; lastKnownFileType = sourcecode.swift; path = AppDelegate.swift; sourceTree = "<group>"; };
		CEB51DCA1F1E031E003D757D /* ViewController.swift */ = {isa = PBXFileReference; lastKnownFileType = sourcecode.swift; path = ViewController.swift; sourceTree = "<group>"; };
		CEB51DCD1F1E031E003D757D /* Base */ = {isa = PBXFileReference; lastKnownFileType = file.storyboard; name = Base; path = Base.lproj/Main.storyboard; sourceTree = "<group>"; };
		CEB51DCF1F1E031E003D757D /* Assets.xcassets */ = {isa = PBXFileReference; lastKnownFileType = folder.assetcatalog; path = Assets.xcassets; sourceTree = "<group>"; };
		CEB51DD21F1E031E003D757D /* Base */ = {isa = PBXFileReference; lastKnownFileType = file.storyboard; name = Base; path = Base.lproj/LaunchScreen.storyboard; sourceTree = "<group>"; };
		CEB51DD41F1E031E003D757D /* Info.plist */ = {isa = PBXFileReference; lastKnownFileType = text.plist.xml; path = Info.plist; sourceTree = "<group>"; };
		CEB51DD91F1E031E003D757D /* webviewAuthTests.xctest */ = {isa = PBXFileReference; explicitFileType = wrapper.cfbundle; includeInIndex = 0; path = webviewAuthTests.xctest; sourceTree = BUILT_PRODUCTS_DIR; };
		CEB51DDD1F1E031E003D757D /* webviewAuthTests.swift */ = {isa = PBXFileReference; lastKnownFileType = sourcecode.swift; path = webviewAuthTests.swift; sourceTree = "<group>"; };
		CEB51DDF1F1E031E003D757D /* Info.plist */ = {isa = PBXFileReference; lastKnownFileType = text.plist.xml; path = Info.plist; sourceTree = "<group>"; };
		CEB51DE41F1E031E003D757D /* webviewAuthUITests.xctest */ = {isa = PBXFileReference; explicitFileType = wrapper.cfbundle; includeInIndex = 0; path = webviewAuthUITests.xctest; sourceTree = BUILT_PRODUCTS_DIR; };
		CEB51DE81F1E031E003D757D /* webviewAuthUITests.swift */ = {isa = PBXFileReference; lastKnownFileType = sourcecode.swift; path = webviewAuthUITests.swift; sourceTree = "<group>"; };
		CEB51DEA1F1E031E003D757D /* Info.plist */ = {isa = PBXFileReference; lastKnownFileType = text.plist.xml; path = Info.plist; sourceTree = "<group>"; };
		CEBA2B421F21D4C50012B3E9 /* LogOutViewController.swift */ = {isa = PBXFileReference; fileEncoding = 4; lastKnownFileType = sourcecode.swift; path = LogOutViewController.swift; sourceTree = "<group>"; };
		CEBA2B441F21E13F0012B3E9 /* DecisionViewController.swift */ = {isa = PBXFileReference; fileEncoding = 4; lastKnownFileType = sourcecode.swift; path = DecisionViewController.swift; sourceTree = "<group>"; };
		CED583761F28BA140040D724 /* TableViewCell.swift */ = {isa = PBXFileReference; fileEncoding = 4; lastKnownFileType = sourcecode.swift; path = TableViewCell.swift; sourceTree = "<group>"; };
/* End PBXFileReference section */

/* Begin PBXFrameworksBuildPhase section */
		CEB51DC21F1E031E003D757D /* Frameworks */ = {
			isa = PBXFrameworksBuildPhase;
			buildActionMask = 2147483647;
			files = (
			);
			runOnlyForDeploymentPostprocessing = 0;
		};
		CEB51DD61F1E031E003D757D /* Frameworks */ = {
			isa = PBXFrameworksBuildPhase;
			buildActionMask = 2147483647;
			files = (
			);
			runOnlyForDeploymentPostprocessing = 0;
		};
		CEB51DE11F1E031E003D757D /* Frameworks */ = {
			isa = PBXFrameworksBuildPhase;
			buildActionMask = 2147483647;
			files = (
			);
			runOnlyForDeploymentPostprocessing = 0;
		};
/* End PBXFrameworksBuildPhase section */

/* Begin PBXGroup section */
		CEB51DBC1F1E031E003D757D = {
			isa = PBXGroup;
			children = (
				CEB51DC71F1E031E003D757D /* webviewAuth */,
				CEB51DDC1F1E031E003D757D /* webviewAuthTests */,
				CEB51DE71F1E031E003D757D /* webviewAuthUITests */,
				CEB51DC61F1E031E003D757D /* Products */,
			);
			sourceTree = "<group>";
		};
		CEB51DC61F1E031E003D757D /* Products */ = {
			isa = PBXGroup;
			children = (
				CEB51DC51F1E031E003D757D /* webviewAuth.app */,
				CEB51DD91F1E031E003D757D /* webviewAuthTests.xctest */,
				CEB51DE41F1E031E003D757D /* webviewAuthUITests.xctest */,
			);
			name = Products;
			sourceTree = "<group>";
		};
		CEB51DC71F1E031E003D757D /* webviewAuth */ = {
			isa = PBXGroup;
			children = (
				CEB51DC81F1E031E003D757D /* AppDelegate.swift */,
				CEB51DCA1F1E031E003D757D /* ViewController.swift */,
				CEB51DCC1F1E031E003D757D /* Main.storyboard */,
				CED583761F28BA140040D724 /* TableViewCell.swift */,
				CE9447A11F276816000C4200 /* PeerssViewController.swift */,
				CEBA2B441F21E13F0012B3E9 /* DecisionViewController.swift */,
				CEBA2B421F21D4C50012B3E9 /* LogOutViewController.swift */,
				CE29D65B1F1FC9DE00F0E288 /* DetailsViewController.swift */,
				CEB51DCF1F1E031E003D757D /* Assets.xcassets */,
				CEB51DD11F1E031E003D757D /* LaunchScreen.storyboard */,
				CEB51DD41F1E031E003D757D /* Info.plist */,
			);
			path = webviewAuth;
			sourceTree = "<group>";
		};
		CEB51DDC1F1E031E003D757D /* webviewAuthTests */ = {
			isa = PBXGroup;
			children = (
				CEB51DDD1F1E031E003D757D /* webviewAuthTests.swift */,
				CEB51DDF1F1E031E003D757D /* Info.plist */,
			);
			path = webviewAuthTests;
			sourceTree = "<group>";
		};
		CEB51DE71F1E031E003D757D /* webviewAuthUITests */ = {
			isa = PBXGroup;
			children = (
				CEB51DE81F1E031E003D757D /* webviewAuthUITests.swift */,
				CEB51DEA1F1E031E003D757D /* Info.plist */,
			);
			path = webviewAuthUITests;
			sourceTree = "<group>";
		};
/* End PBXGroup section */

/* Begin PBXNativeTarget section */
		CEB51DC41F1E031E003D757D /* webviewAuth */ = {
			isa = PBXNativeTarget;
			buildConfigurationList = CEB51DED1F1E031E003D757D /* Build configuration list for PBXNativeTarget "webviewAuth" */;
			buildPhases = (
				CEB51DC11F1E031E003D757D /* Sources */,
				CEB51DC21F1E031E003D757D /* Frameworks */,
				CEB51DC31F1E031E003D757D /* Resources */,
			);
			buildRules = (
			);
			dependencies = (
			);
			name = webviewAuth;
			productName = webviewAuth;
			productReference = CEB51DC51F1E031E003D757D /* webviewAuth.app */;
			productType = "com.apple.product-type.application";
		};
		CEB51DD81F1E031E003D757D /* webviewAuthTests */ = {
			isa = PBXNativeTarget;
			buildConfigurationList = CEB51DF01F1E031E003D757D /* Build configuration list for PBXNativeTarget "webviewAuthTests" */;
			buildPhases = (
				CEB51DD51F1E031E003D757D /* Sources */,
				CEB51DD61F1E031E003D757D /* Frameworks */,
				CEB51DD71F1E031E003D757D /* Resources */,
			);
			buildRules = (
			);
			dependencies = (
				CEB51DDB1F1E031E003D757D /* PBXTargetDependency */,
			);
			name = webviewAuthTests;
			productName = webviewAuthTests;
			productReference = CEB51DD91F1E031E003D757D /* webviewAuthTests.xctest */;
			productType = "com.apple.product-type.bundle.unit-test";
		};
		CEB51DE31F1E031E003D757D /* webviewAuthUITests */ = {
			isa = PBXNativeTarget;
			buildConfigurationList = CEB51DF31F1E031E003D757D /* Build configuration list for PBXNativeTarget "webviewAuthUITests" */;
			buildPhases = (
				CEB51DE01F1E031E003D757D /* Sources */,
				CEB51DE11F1E031E003D757D /* Frameworks */,
				CEB51DE21F1E031E003D757D /* Resources */,
			);
			buildRules = (
			);
			dependencies = (
				CEB51DE61F1E031E003D757D /* PBXTargetDependency */,
			);
			name = webviewAuthUITests;
			productName = webviewAuthUITests;
			productReference = CEB51DE41F1E031E003D757D /* webviewAuthUITests.xctest */;
			productType = "com.apple.product-type.bundle.ui-testing";
		};
/* End PBXNativeTarget section */

/* Begin PBXProject section */
		CEB51DBD1F1E031E003D757D /* Project object */ = {
			isa = PBXProject;
			attributes = {
				LastSwiftUpdateCheck = 0830;
				LastUpgradeCheck = 0830;
				ORGANIZATIONNAME = full;
				TargetAttributes = {
					CEB51DC41F1E031E003D757D = {
						CreatedOnToolsVersion = 8.3.2;
						ProvisioningStyle = Automatic;
					};
					CEB51DD81F1E031E003D757D = {
						CreatedOnToolsVersion = 8.3.2;
						ProvisioningStyle = Automatic;
						TestTargetID = CEB51DC41F1E031E003D757D;
					};
					CEB51DE31F1E031E003D757D = {
						CreatedOnToolsVersion = 8.3.2;
						ProvisioningStyle = Automatic;
						TestTargetID = CEB51DC41F1E031E003D757D;
					};
				};
			};
			buildConfigurationList = CEB51DC01F1E031E003D757D /* Build configuration list for PBXProject "webviewAuth" */;
			compatibilityVersion = "Xcode 3.2";
			developmentRegion = English;
			hasScannedForEncodings = 0;
			knownRegions = (
				en,
				Base,
			);
			mainGroup = CEB51DBC1F1E031E003D757D;
			productRefGroup = CEB51DC61F1E031E003D757D /* Products */;
			projectDirPath = "";
			projectRoot = "";
			targets = (
				CEB51DC41F1E031E003D757D /* webviewAuth */,
				CEB51DD81F1E031E003D757D /* webviewAuthTests */,
				CEB51DE31F1E031E003D757D /* webviewAuthUITests */,
			);
		};
/* End PBXProject section */

/* Begin PBXResourcesBuildPhase section */
		CEB51DC31F1E031E003D757D /* Resources */ = {
			isa = PBXResourcesBuildPhase;
			buildActionMask = 2147483647;
			files = (
				CEB51DD31F1E031E003D757D /* LaunchScreen.storyboard in Resources */,
				CEB51DD01F1E031E003D757D /* Assets.xcassets in Resources */,
				CEB51DCE1F1E031E003D757D /* Main.storyboard in Resources */,
			);
			runOnlyForDeploymentPostprocessing = 0;
		};
		CEB51DD71F1E031E003D757D /* Resources */ = {
			isa = PBXResourcesBuildPhase;
			buildActionMask = 2147483647;
			files = (
			);
			runOnlyForDeploymentPostprocessing = 0;
		};
		CEB51DE21F1E031E003D757D /* Resources */ = {
			isa = PBXResourcesBuildPhase;
			buildActionMask = 2147483647;
			files = (
			);
			runOnlyForDeploymentPostprocessing = 0;
		};
/* End PBXResourcesBuildPhase section */

/* Begin PBXSourcesBuildPhase section */
		CEB51DC11F1E031E003D757D /* Sources */ = {
			isa = PBXSourcesBuildPhase;
			buildActionMask = 2147483647;
			files = (
				CE9447A21F276816000C4200 /* PeerssViewController.swift in Sources */,
				CEBA2B451F21E1400012B3E9 /* DecisionViewController.swift in Sources */,
				CEB51DCB1F1E031E003D757D /* ViewController.swift in Sources */,
				CEB51DC91F1E031E003D757D /* AppDelegate.swift in Sources */,
				CEBA2B431F21D4C50012B3E9 /* LogOutViewController.swift in Sources */,
				CED583771F28BA140040D724 /* TableViewCell.swift in Sources */,
				CE29D65C1F1FC9DE00F0E288 /* DetailsViewController.swift in Sources */,
			);
			runOnlyForDeploymentPostprocessing = 0;
		};
		CEB51DD51F1E031E003D757D /* Sources */ = {
			isa = PBXSourcesBuildPhase;
			buildActionMask = 2147483647;
			files = (
				CEB51DDE1F1E031E003D757D /* webviewAuthTests.swift in Sources */,
			);
			runOnlyForDeploymentPostprocessing = 0;
		};
		CEB51DE01F1E031E003D757D /* Sources */ = {
			isa = PBXSourcesBuildPhase;
			buildActionMask = 2147483647;
			files = (
				CEB51DE91F1E031E003D757D /* webviewAuthUITests.swift in Sources */,
			);
			runOnlyForDeploymentPostprocessing = 0;
		};
/* End PBXSourcesBuildPhase section */

/* Begin PBXTargetDependency section */
		CEB51DDB1F1E031E003D757D /* PBXTargetDependency */ = {
			isa = PBXTargetDependency;
			target = CEB51DC41F1E031E003D757D /* webviewAuth */;
			targetProxy = CEB51DDA1F1E031E003D757D /* PBXContainerItemProxy */;
		};
		CEB51DE61F1E031E003D757D /* PBXTargetDependency */ = {
			isa = PBXTargetDependency;
			target = CEB51DC41F1E031E003D757D /* webviewAuth */;
			targetProxy = CEB51DE51F1E031E003D757D /* PBXContainerItemProxy */;
		};
/* End PBXTargetDependency section */

/* Begin PBXVariantGroup section */
		CEB51DCC1F1E031E003D757D /* Main.storyboard */ = {
			isa = PBXVariantGroup;
			children = (
				CEB51DCD1F1E031E003D757D /* Base */,
			);
			name = Main.storyboard;
			sourceTree = "<group>";
		};
		CEB51DD11F1E031E003D757D /* LaunchScreen.storyboard */ = {
			isa = PBXVariantGroup;
			children = (
				CEB51DD21F1E031E003D757D /* Base */,
			);
			name = LaunchScreen.storyboard;
			sourceTree = "<group>";
		};
/* End PBXVariantGroup section */

/* Begin XCBuildConfiguration section */
		CEB51DEB1F1E031E003D757D /* Debug */ = {
			isa = XCBuildConfiguration;
			buildSettings = {
				ALWAYS_SEARCH_USER_PATHS = NO;
				CLANG_ANALYZER_NONNULL = YES;
				CLANG_ANALYZER_NUMBER_OBJECT_CONVERSION = YES_AGGRESSIVE;
				CLANG_CXX_LANGUAGE_STANDARD = "gnu++0x";
				CLANG_CXX_LIBRARY = "libc++";
				CLANG_ENABLE_MODULES = YES;
				CLANG_ENABLE_OBJC_ARC = YES;
				CLANG_WARN_BOOL_CONVERSION = YES;
				CLANG_WARN_CONSTANT_CONVERSION = YES;
				CLANG_WARN_DIRECT_OBJC_ISA_USAGE = YES_ERROR;
				CLANG_WARN_DOCUMENTATION_COMMENTS = YES;
				CLANG_WARN_EMPTY_BODY = YES;
				CLANG_WARN_ENUM_CONVERSION = YES;
				CLANG_WARN_INFINITE_RECURSION = YES;
				CLANG_WARN_INT_CONVERSION = YES;
				CLANG_WARN_OBJC_ROOT_CLASS = YES_ERROR;
				CLANG_WARN_SUSPICIOUS_MOVE = YES;
				CLANG_WARN_UNREACHABLE_CODE = YES;
				CLANG_WARN__DUPLICATE_METHOD_MATCH = YES;
				"CODE_SIGN_IDENTITY[sdk=iphoneos*]" = "iPhone Developer";
				COPY_PHASE_STRIP = NO;
				DEBUG_INFORMATION_FORMAT = dwarf;
				ENABLE_STRICT_OBJC_MSGSEND = YES;
				ENABLE_TESTABILITY = YES;
				GCC_C_LANGUAGE_STANDARD = gnu99;
				GCC_DYNAMIC_NO_PIC = NO;
				GCC_NO_COMMON_BLOCKS = YES;
				GCC_OPTIMIZATION_LEVEL = 0;
				GCC_PREPROCESSOR_DEFINITIONS = (
					"DEBUG=1",
					"$(inherited)",
				);
				GCC_WARN_64_TO_32_BIT_CONVERSION = YES;
				GCC_WARN_ABOUT_RETURN_TYPE = YES_ERROR;
				GCC_WARN_UNDECLARED_SELECTOR = YES;
				GCC_WARN_UNINITIALIZED_AUTOS = YES_AGGRESSIVE;
				GCC_WARN_UNUSED_FUNCTION = YES;
				GCC_WARN_UNUSED_VARIABLE = YES;
				IPHONEOS_DEPLOYMENT_TARGET = 10.3;
				MTL_ENABLE_DEBUG_INFO = YES;
				ONLY_ACTIVE_ARCH = YES;
				SDKROOT = iphoneos;
				SWIFT_ACTIVE_COMPILATION_CONDITIONS = DEBUG;
				SWIFT_OPTIMIZATION_LEVEL = "-Onone";
				TARGETED_DEVICE_FAMILY = "1,2";
			};
			name = Debug;
		};
		CEB51DEC1F1E031E003D757D /* Release */ = {
			isa = XCBuildConfiguration;
			buildSettings = {
				ALWAYS_SEARCH_USER_PATHS = NO;
				CLANG_ANALYZER_NONNULL = YES;
				CLANG_ANALYZER_NUMBER_OBJECT_CONVERSION = YES_AGGRESSIVE;
				CLANG_CXX_LANGUAGE_STANDARD = "gnu++0x";
				CLANG_CXX_LIBRARY = "libc++";
				CLANG_ENABLE_MODULES = YES;
				CLANG_ENABLE_OBJC_ARC = YES;
				CLANG_WARN_BOOL_CONVERSION = YES;
				CLANG_WARN_CONSTANT_CONVERSION = YES;
				CLANG_WARN_DIRECT_OBJC_ISA_USAGE = YES_ERROR;
				CLANG_WARN_DOCUMENTATION_COMMENTS = YES;
				CLANG_WARN_EMPTY_BODY = YES;
				CLANG_WARN_ENUM_CONVERSION = YES;
				CLANG_WARN_INFINITE_RECURSION = YES;
				CLANG_WARN_INT_CONVERSION = YES;
				CLANG_WARN_OBJC_ROOT_CLASS = YES_ERROR;
				CLANG_WARN_SUSPICIOUS_MOVE = YES;
				CLANG_WARN_UNREACHABLE_CODE = YES;
				CLANG_WARN__DUPLICATE_METHOD_MATCH = YES;
				"CODE_SIGN_IDENTITY[sdk=iphoneos*]" = "iPhone Developer";
				COPY_PHASE_STRIP = NO;
				DEBUG_INFORMATION_FORMAT = "dwarf-with-dsym";
				ENABLE_NS_ASSERTIONS = NO;
				ENABLE_STRICT_OBJC_MSGSEND = YES;
				GCC_C_LANGUAGE_STANDARD = gnu99;
				GCC_NO_COMMON_BLOCKS = YES;
				GCC_WARN_64_TO_32_BIT_CONVERSION = YES;
				GCC_WARN_ABOUT_RETURN_TYPE = YES_ERROR;
				GCC_WARN_UNDECLARED_SELECTOR = YES;
				GCC_WARN_UNINITIALIZED_AUTOS = YES_AGGRESSIVE;
				GCC_WARN_UNUSED_FUNCTION = YES;
				GCC_WARN_UNUSED_VARIABLE = YES;
				IPHONEOS_DEPLOYMENT_TARGET = 10.3;
				MTL_ENABLE_DEBUG_INFO = NO;
				SDKROOT = iphoneos;
				SWIFT_OPTIMIZATION_LEVEL = "-Owholemodule";
				TARGETED_DEVICE_FAMILY = "1,2";
				VALIDATE_PRODUCT = YES;
			};
			name = Release;
		};
		CEB51DEE1F1E031E003D757D /* Debug */ = {
			isa = XCBuildConfiguration;
			buildSettings = {
				ASSETCATALOG_COMPILER_APPICON_NAME = AppIcon;
				INFOPLIST_FILE = webviewAuth/Info.plist;
				LD_RUNPATH_SEARCH_PATHS = "$(inherited) @executable_path/Frameworks";
				PRODUCT_BUNDLE_IDENTIFIER = siddiq.webviewAuth;
				PRODUCT_NAME = "$(TARGET_NAME)";
				SWIFT_VERSION = 3.0;
			};
			name = Debug;
		};
		CEB51DEF1F1E031E003D757D /* Release */ = {
			isa = XCBuildConfiguration;
			buildSettings = {
				ASSETCATALOG_COMPILER_APPICON_NAME = AppIcon;
				INFOPLIST_FILE = webviewAuth/Info.plist;
				LD_RUNPATH_SEARCH_PATHS = "$(inherited) @executable_path/Frameworks";
				PRODUCT_BUNDLE_IDENTIFIER = siddiq.webviewAuth;
				PRODUCT_NAME = "$(TARGET_NAME)";
				SWIFT_VERSION = 3.0;
			};
			name = Release;
		};
		CEB51DF11F1E031E003D757D /* Debug */ = {
			isa = XCBuildConfiguration;
			buildSettings = {
				ALWAYS_EMBED_SWIFT_STANDARD_LIBRARIES = YES;
				BUNDLE_LOADER = "$(TEST_HOST)";
				INFOPLIST_FILE = webviewAuthTests/Info.plist;
				LD_RUNPATH_SEARCH_PATHS = "$(inherited) @executable_path/Frameworks @loader_path/Frameworks";
				PRODUCT_BUNDLE_IDENTIFIER = siddiq.webviewAuthTests;
				PRODUCT_NAME = "$(TARGET_NAME)";
				SWIFT_VERSION = 3.0;
				TEST_HOST = "$(BUILT_PRODUCTS_DIR)/webviewAuth.app/webviewAuth";
			};
			name = Debug;
		};
		CEB51DF21F1E031E003D757D /* Release */ = {
			isa = XCBuildConfiguration;
			buildSettings = {
				ALWAYS_EMBED_SWIFT_STANDARD_LIBRARIES = YES;
				BUNDLE_LOADER = "$(TEST_HOST)";
				INFOPLIST_FILE = webviewAuthTests/Info.plist;
				LD_RUNPATH_SEARCH_PATHS = "$(inherited) @executable_path/Frameworks @loader_path/Frameworks";
				PRODUCT_BUNDLE_IDENTIFIER = siddiq.webviewAuthTests;
				PRODUCT_NAME = "$(TARGET_NAME)";
				SWIFT_VERSION = 3.0;
				TEST_HOST = "$(BUILT_PRODUCTS_DIR)/webviewAuth.app/webviewAuth";
			};
			name = Release;
		};
		CEB51DF41F1E031E003D757D /* Debug */ = {
			isa = XCBuildConfiguration;
			buildSettings = {
				ALWAYS_EMBED_SWIFT_STANDARD_LIBRARIES = YES;
				INFOPLIST_FILE = webviewAuthUITests/Info.plist;
				LD_RUNPATH_SEARCH_PATHS = "$(inherited) @executable_path/Frameworks @loader_path/Frameworks";
				PRODUCT_BUNDLE_IDENTIFIER = siddiq.webviewAuthUITests;
				PRODUCT_NAME = "$(TARGET_NAME)";
				SWIFT_VERSION = 3.0;
				TEST_TARGET_NAME = webviewAuth;
			};
			name = Debug;
		};
		CEB51DF51F1E031E003D757D /* Release */ = {
			isa = XCBuildConfiguration;
			buildSettings = {
				ALWAYS_EMBED_SWIFT_STANDARD_LIBRARIES = YES;
				INFOPLIST_FILE = webviewAuthUITests/Info.plist;
				LD_RUNPATH_SEARCH_PATHS = "$(inherited) @executable_path/Frameworks @loader_path/Frameworks";
				PRODUCT_BUNDLE_IDENTIFIER = siddiq.webviewAuthUITests;
				PRODUCT_NAME = "$(TARGET_NAME)";
				SWIFT_VERSION = 3.0;
				TEST_TARGET_NAME = webviewAuth;
			};
			name = Release;
		};
/* End XCBuildConfiguration section */

/* Begin XCConfigurationList section */
		CEB51DC01F1E031E003D757D /* Build configuration list for PBXProject "webviewAuth" */ = {
			isa = XCConfigurationList;
			buildConfigurations = (
				CEB51DEB1F1E031E003D757D /* Debug */,
				CEB51DEC1F1E031E003D757D /* Release */,
			);
			defaultConfigurationIsVisible = 0;
			defaultConfigurationName = Release;
		};
		CEB51DED1F1E031E003D757D /* Build configuration list for PBXNativeTarget "webviewAuth" */ = {
			isa = XCConfigurationList;
			buildConfigurations = (
				CEB51DEE1F1E031E003D757D /* Debug */,
				CEB51DEF1F1E031E003D757D /* Release */,
			);
			defaultConfigurationIsVisible = 0;
			defaultConfigurationName = Release;
		};
		CEB51DF01F1E031E003D757D /* Build configuration list for PBXNativeTarget "webviewAuthTests" */ = {
			isa = XCConfigurationList;
			buildConfigurations = (
				CEB51DF11F1E031E003D757D /* Debug */,
				CEB51DF21F1E031E003D757D /* Release */,
			);
			defaultConfigurationIsVisible = 0;
			defaultConfigurationName = Release;
		};
		CEB51DF31F1E031E003D757D /* Build configuration list for PBXNativeTarget "webviewAuthUITests" */ = {
			isa = XCConfigurationList;
			buildConfigurations = (
				CEB51DF41F1E031E003D757D /* Debug */,
				CEB51DF51F1E031E003D757D /* Release */,
			);
			defaultConfigurationIsVisible = 0;
			defaultConfigurationName = Release;
		};
/* End XCConfigurationList section */
	};
	rootObject = CEB51DBD1F1E031E003D757D /* Project object */;
}
